
Microsoft Visual Studio Solution File, Format Version 12.00
# Visual Studio Version 16
VisualStudioVersion = 16.0.31624.102
MinimumVisualStudioVersion = 10.0.40219.1
Project("{FAE04EC0-301F-11D3-BF4B-00C04F79EFBC}") = "PaySudan.Server", "PaySudan\Server\PaySudan.Server.csproj", "{60C90464-BB54-42D9-918E-E6E90658B2C3}"
EndProject
Project("{FAE04EC0-301F-11D3-BF4B-00C04F79EFBC}") = "PaySudan.Client", "PaySudan\Client\PaySudan.Client.csproj", "{B47844E0-7770-45CD-903E-13CD1534BF06}"
EndProject
Project("{FAE04EC0-301F-11D3-BF4B-00C04F79EFBC}") = "PaySudan.Shared", "PaySudan\Shared\PaySudan.Shared.csproj", "{B144ED62-6159-46A3-9064-D66C54C0C81B}"
EndProject
Global
	GlobalSection(SolutionConfigurationPlatforms) = preSolution
		Debug|Any CPU = Debug|Any CPU
		Release|Any CPU = Release|Any CPU
	EndGlobalSection
	GlobalSection(ProjectConfigurationPlatforms) = postSolution
		{60C90464-BB54-42D9-918E-E6E90658B2C3}.Debug|Any CPU.ActiveCfg = Debug|Any CPU
		{60C90464-BB54-42D9-918E-E6E90658B2C3}.Debug|Any CPU.Build.0 = Debug|Any CPU
		{60C90464-BB54-42D9-918E-E6E90658B2C3}.Release|Any CPU.ActiveCfg = Release|Any CPU
		{60C90464-BB54-42D9-918E-E6E90658B2C3}.Release|Any CPU.Build.0 = Release|Any CPU
		{B47844E0-7770-45CD-903E-13CD1534BF06}.Debug|Any CPU.ActiveCfg = Debug|Any CPU
		{B47844E0-7770-45CD-903E-13CD1534BF06}.Debug|Any CPU.Build.0 = Debug|Any CPU
		{B47844E0-7770-45CD-903E-13CD1534BF06}.Release|Any CPU.ActiveCfg = Release|Any CPU
		{B47844E0-7770-45CD-903E-13CD1534BF06}.Release|Any CPU.Build.0 = Release|Any CPU
		{B144ED62-6159-46A3-9064-D66C54C0C81B}.Debug|Any CPU.ActiveCfg = Debug|Any CPU
		{B144ED62-6159-46A3-9064-D66C54C0C81B}.Debug|Any CPU.Build.0 = Debug|Any CPU
		{B144ED62-6159-46A3-9064-D66C54C0C81B}.Release|Any CPU.ActiveCfg = Release|Any CPU
		{B144ED62-6159-46A3-9064-D66C54C0C81B}.Release|Any CPU.Build.0 = Release|Any CPU
	EndGlobalSection
	GlobalSection(SolutionProperties) = preSolution
		HideSolutionNode = FALSE
	EndGlobalSection
	GlobalSection(ExtensibilityGlobals) = postSolution
		SolutionGuid = {6364CDDD-4A7F-46DB-8A92-0DFFC37D6377}
	EndGlobalSection
EndGlobal
